
Microsoft Visual Studio Solution File, Format Version 12.00
# Visual Studio Version 17
VisualStudioVersion = 17.9.34622.214
MinimumVisualStudioVersion = 10.0.40219.1
Project("{FAE04EC0-301F-11D3-BF4B-00C04F79EFBC}") = "Simple Inventory Management System", "Simple Inventory Management System.csproj", "{65120E11-D420-4F58-A8AB-6F16B9D31B99}"
EndProject
Global
	GlobalSection(SolutionConfigurationPlatforms) = preSolution
		Debug|Any CPU = Debug|Any CPU
		Release|Any CPU = Release|Any CPU
	EndGlobalSection
	GlobalSection(ProjectConfigurationPlatforms) = postSolution
		{65120E11-D420-4F58-A8AB-6F16B9D31B99}.Debug|Any CPU.ActiveCfg = Debug|Any CPU
		{65120E11-D420-4F58-A8AB-6F16B9D31B99}.Debug|Any CPU.Build.0 = Debug|Any CPU
		{65120E11-D420-4F58-A8AB-6F16B9D31B99}.Release|Any CPU.ActiveCfg = Release|Any CPU
		{65120E11-D420-4F58-A8AB-6F16B9D31B99}.Release|Any CPU.Build.0 = Release|Any CPU
	EndGlobalSection
	GlobalSection(SolutionProperties) = preSolution
		HideSolutionNode = FALSE
	EndGlobalSection
	GlobalSection(ExtensibilityGlobals) = postSolution
		SolutionGuid = {766C5793-37BD-4790-AFC4-10D2F3605534}
	EndGlobalSection
EndGlobal
